
Microsoft Visual Studio Solution File, Format Version 12.00
# Visual Studio Version 17
VisualStudioVersion = 17.8.34511.84
MinimumVisualStudioVersion = 10.0.40219.1
Project("{FAE04EC0-301F-11D3-BF4B-00C04F79EFBC}") = "MS569 Module2", "MS569 Module2\MS569 Module2.csproj", "{49A50D35-FA1E-4D3F-84BF-76763B4786A4}"
EndProject
Global
	GlobalSection(SolutionConfigurationPlatforms) = preSolution
		Debug|Any CPU = Debug|Any CPU
		Release|Any CPU = Release|Any CPU
	EndGlobalSection
	GlobalSection(ProjectConfigurationPlatforms) = postSolution
		{49A50D35-FA1E-4D3F-84BF-76763B4786A4}.Debug|Any CPU.ActiveCfg = Debug|Any CPU
		{49A50D35-FA1E-4D3F-84BF-76763B4786A4}.Debug|Any CPU.Build.0 = Debug|Any CPU
		{49A50D35-FA1E-4D3F-84BF-76763B4786A4}.Release|Any CPU.ActiveCfg = Release|Any CPU
		{49A50D35-FA1E-4D3F-84BF-76763B4786A4}.Release|Any CPU.Build.0 = Release|Any CPU
	EndGlobalSection
	GlobalSection(SolutionProperties) = preSolution
		HideSolutionNode = FALSE
	EndGlobalSection
	GlobalSection(ExtensibilityGlobals) = postSolution
		SolutionGuid = {A2B85481-1709-4895-A673-6D09F3195F1F}
	EndGlobalSection
EndGlobal
